
Microsoft Visual Studio Solution File, Format Version 12.00
# Visual Studio Version 16
VisualStudioVersion = 16.0.31702.278
MinimumVisualStudioVersion = 10.0.40219.1
Project("{FAE04EC0-301F-11D3-BF4B-00C04F79EFBC}") = "Parcial2-1", "Parcial2-1\Parcial2-1.csproj", "{0197DE8E-A166-459D-9605-0126DE49D461}"
EndProject
Global
	GlobalSection(SolutionConfigurationPlatforms) = preSolution
		Debug|Any CPU = Debug|Any CPU
		Release|Any CPU = Release|Any CPU
	EndGlobalSection
	GlobalSection(ProjectConfigurationPlatforms) = postSolution
		{0197DE8E-A166-459D-9605-0126DE49D461}.Debug|Any CPU.ActiveCfg = Debug|Any CPU
		{0197DE8E-A166-459D-9605-0126DE49D461}.Debug|Any CPU.Build.0 = Debug|Any CPU
		{0197DE8E-A166-459D-9605-0126DE49D461}.Release|Any CPU.ActiveCfg = Release|Any CPU
		{0197DE8E-A166-459D-9605-0126DE49D461}.Release|Any CPU.Build.0 = Release|Any CPU
	EndGlobalSection
	GlobalSection(SolutionProperties) = preSolution
		HideSolutionNode = FALSE
	EndGlobalSection
	GlobalSection(ExtensibilityGlobals) = postSolution
		SolutionGuid = {53F5E75E-AB6C-4CFD-9A4F-02154717AA58}
	EndGlobalSection
EndGlobal
